
Microsoft Visual Studio Solution File, Format Version 12.00
# Visual Studio Version 16
VisualStudioVersion = 16.0.29905.134
MinimumVisualStudioVersion = 10.0.40219.1
Project("{8BC9CEB8-8B4A-11D0-8D11-00A0C91BC942}") = "QuoridorClient", "QuoridorClient\QuoridorClient.vcxproj", "{607D67DA-3C1F-4FCC-85D5-77F3B3D9812A}"
EndProject
Project("{8BC9CEB8-8B4A-11D0-8D11-00A0C91BC942}") = "QuoridorUI", "QuoridorUI\QuoridorUI.vcxproj", "{C9479AB7-50B9-4766-A86A-B9A5FA4C51FD}"
EndProject
Global
	GlobalSection(SolutionConfigurationPlatforms) = preSolution
		Debug|x86 = Debug|x86
		Release|x86 = Release|x86
	EndGlobalSection
	GlobalSection(ProjectConfigurationPlatforms) = postSolution
		{607D67DA-3C1F-4FCC-85D5-77F3B3D9812A}.Debug|x86.ActiveCfg = Debug|Win32
		{607D67DA-3C1F-4FCC-85D5-77F3B3D9812A}.Debug|x86.Build.0 = Debug|Win32
		{607D67DA-3C1F-4FCC-85D5-77F3B3D9812A}.Release|x86.ActiveCfg = Release|Win32
		{607D67DA-3C1F-4FCC-85D5-77F3B3D9812A}.Release|x86.Build.0 = Release|Win32
		{C9479AB7-50B9-4766-A86A-B9A5FA4C51FD}.Debug|x86.ActiveCfg = Debug|Win32
		{C9479AB7-50B9-4766-A86A-B9A5FA4C51FD}.Debug|x86.Build.0 = Debug|Win32
		{C9479AB7-50B9-4766-A86A-B9A5FA4C51FD}.Release|x86.ActiveCfg = Release|Win32
		{C9479AB7-50B9-4766-A86A-B9A5FA4C51FD}.Release|x86.Build.0 = Release|Win32
	EndGlobalSection
	GlobalSection(SolutionProperties) = preSolution
		HideSolutionNode = FALSE
	EndGlobalSection
	GlobalSection(ExtensibilityGlobals) = postSolution
		SolutionGuid = {604614DA-BAB5-42A9-B1A7-407724BF9B76}
	EndGlobalSection
EndGlobal
